
Microsoft Visual Studio Solution File, Format Version 12.00
# Visual Studio Version 17
VisualStudioVersion = 17.13.35828.75 d17.13
MinimumVisualStudioVersion = 10.0.40219.1
Project("{FAE04EC0-301F-11D3-BF4B-00C04F79EFBC}") = "ConsoleApp19", "ConsoleApp19\ConsoleApp19.csproj", "{0969BE36-4B5F-4DD9-8820-C573A6CDC924}"
EndProject
Global
	GlobalSection(SolutionConfigurationPlatforms) = preSolution
		Debug|Any CPU = Debug|Any CPU
		Release|Any CPU = Release|Any CPU
	EndGlobalSection
	GlobalSection(ProjectConfigurationPlatforms) = postSolution
		{0969BE36-4B5F-4DD9-8820-C573A6CDC924}.Debug|Any CPU.ActiveCfg = Debug|Any CPU
		{0969BE36-4B5F-4DD9-8820-C573A6CDC924}.Debug|Any CPU.Build.0 = Debug|Any CPU
		{0969BE36-4B5F-4DD9-8820-C573A6CDC924}.Release|Any CPU.ActiveCfg = Release|Any CPU
		{0969BE36-4B5F-4DD9-8820-C573A6CDC924}.Release|Any CPU.Build.0 = Release|Any CPU
	EndGlobalSection
	GlobalSection(SolutionProperties) = preSolution
		HideSolutionNode = FALSE
	EndGlobalSection
	GlobalSection(ExtensibilityGlobals) = postSolution
		SolutionGuid = {7FC5F40D-75B9-4F62-91A1-4DB58AD2EEA3}
	EndGlobalSection
EndGlobal
